// !$*UTF8*$!
{
	archiveVersion = 1;
	classes = {
	};
	objectVersion = 46;
	objects = {

/* Begin PBXBuildFile section */
		78416BC11B8873BC006BDEA9 /* screenshot1.png in Resources */ = {isa = PBXBuildFile; fileRef = 78416BBC1B8873BC006BDEA9 /* screenshot1.png */; };
		78416BC21B8873BC006BDEA9 /* screenshot2.png in Resources */ = {isa = PBXBuildFile; fileRef = 78416BBD1B8873BC006BDEA9 /* screenshot2.png */; };
		78416BC31B8873BC006BDEA9 /* screenshot3.png in Resources */ = {isa = PBXBuildFile; fileRef = 78416BBE1B8873BC006BDEA9 /* screenshot3.png */; };
		78416BC41B8873BC006BDEA9 /* screenshot4.png in Resources */ = {isa = PBXBuildFile; fileRef = 78416BBF1B8873BC006BDEA9 /* screenshot4.png */; };
		78416BC51B8873BC006BDEA9 /* screenshot5.png in Resources */ = {isa = PBXBuildFile; fileRef = 78416BC01B8873BC006BDEA9 /* screenshot5.png */; };
		78C232971A38DF3F00C470FC /* InfoTableViewController.m in Sources */ = {isa = PBXBuildFile; fileRef = 78C232961A38DF3F00C470FC /* InfoTableViewController.m */; };
		78C2329A1A38F8DA00C470FC /* REJAddedSpaceObject.m in Sources */ = {isa = PBXBuildFile; fileRef = 78C232991A38F8DA00C470FC /* REJAddedSpaceObject.m */; };
		78C2329C1A3900BA00C470FC /* 1469375.jpg in Resources */ = {isa = PBXBuildFile; fileRef = 78C2329B1A3900BA00C470FC /* 1469375.jpg */; };
		78C2329E1A39013A00C470FC /* images-2.jpeg in Resources */ = {isa = PBXBuildFile; fileRef = 78C2329D1A39013A00C470FC /* images-2.jpeg */; };
		78C232A11A3905C500C470FC /* AddPlanetViewController.m in Sources */ = {isa = PBXBuildFile; fileRef = 78C232A01A3905C500C470FC /* AddPlanetViewController.m */; };
		78C24E281A340068001A5E56 /* main.m in Sources */ = {isa = PBXBuildFile; fileRef = 78C24E271A340068001A5E56 /* main.m */; };
		78C24E2B1A340068001A5E56 /* AppDelegate.m in Sources */ = {isa = PBXBuildFile; fileRef = 78C24E2A1A340068001A5E56 /* AppDelegate.m */; };
		78C24E311A340068001A5E56 /* Main.storyboard in Resources */ = {isa = PBXBuildFile; fileRef = 78C24E2F1A340068001A5E56 /* Main.storyboard */; };
		78C24E331A340068001A5E56 /* Images.xcassets in Resources */ = {isa = PBXBuildFile; fileRef = 78C24E321A340068001A5E56 /* Images.xcassets */; };
		78C24E361A340068001A5E56 /* LaunchScreen.xib in Resources */ = {isa = PBXBuildFile; fileRef = 78C24E341A340068001A5E56 /* LaunchScreen.xib */; };
		78C24E421A340068001A5E56 /* Outer_Space_GuideTests.m in Sources */ = {isa = PBXBuildFile; fileRef = 78C24E411A340068001A5E56 /* Outer_Space_GuideTests.m */; };
		78C24E4D1A3400FF001A5E56 /* OuterSpaceTableViewController.m in Sources */ = {isa = PBXBuildFile; fileRef = 78C24E4C1A3400FF001A5E56 /* OuterSpaceTableViewController.m */; };
		78C24E501A34FDDE001A5E56 /* AstronomicalData.m in Sources */ = {isa = PBXBuildFile; fileRef = 78C24E4E1A34FDDE001A5E56 /* AstronomicalData.m */; };
		78C24E881A3514AE001A5E56 /* REJSpaceObject.m in Sources */ = {isa = PBXBuildFile; fileRef = 78C24E871A3514AE001A5E56 /* REJSpaceObject.m */; };
		78C24E931A3514F7001A5E56 /* Earth.jpg in Resources */ = {isa = PBXBuildFile; fileRef = 78C24E891A3514F7001A5E56 /* Earth.jpg */; };
		78C24E941A3514F7001A5E56 /* EinsteinRing.jpg in Resources */ = {isa = PBXBuildFile; fileRef = 78C24E8A1A3514F7001A5E56 /* EinsteinRing.jpg */; };
		78C24E951A3514F7001A5E56 /* Jupiter.jpg in Resources */ = {isa = PBXBuildFile; fileRef = 78C24E8B1A3514F7001A5E56 /* Jupiter.jpg */; };
		78C24E961A3514F7001A5E56 /* Mars.jpg in Resources */ = {isa = PBXBuildFile; fileRef = 78C24E8C1A3514F7001A5E56 /* Mars.jpg */; };
		78C24E971A3514F7001A5E56 /* Mercury.jpg in Resources */ = {isa = PBXBuildFile; fileRef = 78C24E8D1A3514F7001A5E56 /* Mercury.jpg */; };
		78C24E981A3514F7001A5E56 /* Neptune.jpg in Resources */ = {isa = PBXBuildFile; fileRef = 78C24E8E1A3514F7001A5E56 /* Neptune.jpg */; };
		78C24E991A3514F7001A5E56 /* Orion.jpg in Resources */ = {isa = PBXBuildFile; fileRef = 78C24E8F1A3514F7001A5E56 /* Orion.jpg */; };
		78C24E9A1A3514F7001A5E56 /* Saturn.jpg in Resources */ = {isa = PBXBuildFile; fileRef = 78C24E901A3514F7001A5E56 /* Saturn.jpg */; };
		78C24E9B1A3514F7001A5E56 /* Uranus.jpg in Resources */ = {isa = PBXBuildFile; fileRef = 78C24E911A3514F7001A5E56 /* Uranus.jpg */; };
		78C24E9C1A3514F7001A5E56 /* Venus.jpg in Resources */ = {isa = PBXBuildFile; fileRef = 78C24E921A3514F7001A5E56 /* Venus.jpg */; };
		78C24ED91A36CB1F001A5E56 /* stars.png in Resources */ = {isa = PBXBuildFile; fileRef = 78C24ED81A36CB1F001A5E56 /* stars.png */; };
		78C24EDC1A36D248001A5E56 /* secondaryViewController.m in Sources */ = {isa = PBXBuildFile; fileRef = 78C24EDB1A36D248001A5E56 /* secondaryViewController.m */; };
		78C24EDF1A36EBCD001A5E56 /* UIScrollViewViewController.m in Sources */ = {isa = PBXBuildFile; fileRef = 78C24EDE1A36EBCD001A5E56 /* UIScrollViewViewController.m */; };
/* End PBXBuildFile section */

/* Begin PBXContainerItemProxy section */
		78C24E3C1A340068001A5E56 /* PBXContainerItemProxy */ = {
			isa = PBXContainerItemProxy;
			containerPortal = 78C24E1A1A340068001A5E56 /* Project object */;
			proxyType = 1;
			remoteGlobalIDString = 78C24E211A340068001A5E56;
			remoteInfo = "Outer Space Guide";
		};
/* End PBXContainerItemProxy section */

/* Begin PBXFileReference section */
		78416BBC1B8873BC006BDEA9 /* screenshot1.png */ = {isa = PBXFileReference; lastKnownFileType = image.png; path = screenshot1.png; sourceTree = "<group>"; };
		78416BBD1B8873BC006BDEA9 /* screenshot2.png */ = {isa = PBXFileReference; lastKnownFileType = image.png; path = screenshot2.png; sourceTree = "<group>"; };
		78416BBE1B8873BC006BDEA9 /* screenshot3.png */ = {isa = PBXFileReference; lastKnownFileType = image.png; path = screenshot3.png; sourceTree = "<group>"; };
		78416BBF1B8873BC006BDEA9 /* screenshot4.png */ = {isa = PBXFileReference; lastKnownFileType = image.png; path = screenshot4.png; sourceTree = "<group>"; };
		78416BC01B8873BC006BDEA9 /* screenshot5.png */ = {isa = PBXFileReference; lastKnownFileType = image.png; path = screenshot5.png; sourceTree = "<group>"; };
		78C232951A38DF3F00C470FC /* InfoTableViewController.h */ = {isa = PBXFileReference; fileEncoding = 4; lastKnownFileType = sourcecode.c.h; path = InfoTableViewController.h; sourceTree = "<group>"; };
		78C232961A38DF3F00C470FC /* InfoTableViewController.m */ = {isa = PBXFileReference; fileEncoding = 4; lastKnownFileType = sourcecode.c.objc; path = InfoTableViewController.m; sourceTree = "<group>"; };
		78C232981A38F8DA00C470FC /* REJAddedSpaceObject.h */ = {isa = PBXFileReference; fileEncoding = 4; lastKnownFileType = sourcecode.c.h; path = REJAddedSpaceObject.h; sourceTree = "<group>"; };
		78C232991A38F8DA00C470FC /* REJAddedSpaceObject.m */ = {isa = PBXFileReference; fileEncoding = 4; lastKnownFileType = sourcecode.c.objc; path = REJAddedSpaceObject.m; sourceTree = "<group>"; };
		78C2329B1A3900BA00C470FC /* 1469375.jpg */ = {isa = PBXFileReference; lastKnownFileType = image.jpeg; path = 1469375.jpg; sourceTree = "<group>"; };
		78C2329D1A39013A00C470FC /* images-2.jpeg */ = {isa = PBXFileReference; lastKnownFileType = image.jpeg; path = "images-2.jpeg"; sourceTree = "<group>"; };
		78C2329F1A3905C500C470FC /* AddPlanetViewController.h */ = {isa = PBXFileReference; fileEncoding = 4; lastKnownFileType = sourcecode.c.h; path = AddPlanetViewController.h; sourceTree = "<group>"; };
		78C232A01A3905C500C470FC /* AddPlanetViewController.m */ = {isa = PBXFileReference; fileEncoding = 4; lastKnownFileType = sourcecode.c.objc; path = AddPlanetViewController.m; sourceTree = "<group>"; };
		78C24E221A340068001A5E56 /* Outer Space Guide.app */ = {isa = PBXFileReference; explicitFileType = wrapper.application; includeInIndex = 0; path = "Outer Space Guide.app"; sourceTree = BUILT_PRODUCTS_DIR; };
		78C24E261A340068001A5E56 /* Info.plist */ = {isa = PBXFileReference; lastKnownFileType = text.plist.xml; path = Info.plist; sourceTree = "<group>"; };
		78C24E271A340068001A5E56 /* main.m */ = {isa = PBXFileReference; lastKnownFileType = sourcecode.c.objc; path = main.m; sourceTree = "<group>"; };
		78C24E291A340068001A5E56 /* AppDelegate.h */ = {isa = PBXFileReference; lastKnownFileType = sourcecode.c.h; path = AppDelegate.h; sourceTree = "<group>"; };
		78C24E2A1A340068001A5E56 /* AppDelegate.m */ = {isa = PBXFileReference; lastKnownFileType = sourcecode.c.objc; path = AppDelegate.m; sourceTree = "<group>"; };
		78C24E301A340068001A5E56 /* Base */ = {isa = PBXFileReference; lastKnownFileType = file.storyboard; name = Base; path = Base.lproj/Main.storyboard; sourceTree = "<group>"; };
		78C24E321A340068001A5E56 /* Images.xcassets */ = {isa = PBXFileReference; lastKnownFileType = folder.assetcatalog; path = Images.xcassets; sourceTree = "<group>"; };
		78C24E351A340068001A5E56 /* Base */ = {isa = PBXFileReference; lastKnownFileType = file.xib; name = Base; path = Base.lproj/LaunchScreen.xib; sourceTree = "<group>"; };
		78C24E3B1A340068001A5E56 /* Outer Space GuideTests.xctest */ = {isa = PBXFileReference; explicitFileType = wrapper.cfbundle; includeInIndex = 0; path = "Outer Space GuideTests.xctest"; sourceTree = BUILT_PRODUCTS_DIR; };
		78C24E401A340068001A5E56 /* Info.plist */ = {isa = PBXFileReference; lastKnownFileType = text.plist.xml; path = Info.plist; sourceTree = "<group>"; };
		78C24E411A340068001A5E56 /* Outer_Space_GuideTests.m */ = {isa = PBXFileReference; lastKnownFileType = sourcecode.c.objc; path = Outer_Space_GuideTests.m; sourceTree = "<group>"; };
		78C24E4B1A3400FF001A5E56 /* OuterSpaceTableViewController.h */ = {isa = PBXFileReference; fileEncoding = 4; lastKnownFileType = sourcecode.c.h; name = OuterSpaceTableViewController.h; path = ../OuterSpaceTableViewController.h; sourceTree = "<group>"; };
		78C24E4C1A3400FF001A5E56 /* OuterSpaceTableViewController.m */ = {isa = PBXFileReference; fileEncoding = 4; lastKnownFileType = sourcecode.c.objc; name = OuterSpaceTableViewController.m; path = ../OuterSpaceTableViewController.m; sourceTree = "<group>"; };
		78C24E4E1A34FDDE001A5E56 /* AstronomicalData.m */ = {isa = PBXFileReference; fileEncoding = 4; lastKnownFileType = sourcecode.c.objc; path = AstronomicalData.m; sourceTree = "<group>"; };
		78C24E4F1A34FDDE001A5E56 /* AstronomicalData.h */ = {isa = PBXFileReference; fileEncoding = 4; lastKnownFileType = sourcecode.c.h; path = AstronomicalData.h; sourceTree = "<group>"; };
		78C24E861A3514AE001A5E56 /* REJSpaceObject.h */ = {isa = PBXFileReference; fileEncoding = 4; lastKnownFileType = sourcecode.c.h; path = REJSpaceObject.h; sourceTree = "<group>"; };
		78C24E871A3514AE001A5E56 /* REJSpaceObject.m */ = {isa = PBXFileReference; fileEncoding = 4; lastKnownFileType = sourcecode.c.objc; path = REJSpaceObject.m; sourceTree = "<group>"; };
		78C24E891A3514F7001A5E56 /* Earth.jpg */ = {isa = PBXFileReference; lastKnownFileType = image.jpeg; path = Earth.jpg; sourceTree = "<group>"; };
		78C24E8A1A3514F7001A5E56 /* EinsteinRing.jpg */ = {isa = PBXFileReference; lastKnownFileType = image.jpeg; path = EinsteinRing.jpg; sourceTree = "<group>"; };
		78C24E8B1A3514F7001A5E56 /* Jupiter.jpg */ = {isa = PBXFileReference; lastKnownFileType = image.jpeg; path = Jupiter.jpg; sourceTree = "<group>"; };
		78C24E8C1A3514F7001A5E56 /* Mars.jpg */ = {isa = PBXFileReference; lastKnownFileType = image.jpeg; path = Mars.jpg; sourceTree = "<group>"; };
		78C24E8D1A3514F7001A5E56 /* Mercury.jpg */ = {isa = PBXFileReference; lastKnownFileType = image.jpeg; path = Mercury.jpg; sourceTree = "<group>"; };
		78C24E8E1A3514F7001A5E56 /* Neptune.jpg */ = {isa = PBXFileReference; lastKnownFileType = image.jpeg; path = Neptune.jpg; sourceTree = "<group>"; };
		78C24E8F1A3514F7001A5E56 /* Orion.jpg */ = {isa = PBXFileReference; lastKnownFileType = image.jpeg; path = Orion.jpg; sourceTree = "<group>"; };
		78C24E901A3514F7001A5E56 /* Saturn.jpg */ = {isa = PBXFileReference; lastKnownFileType = image.jpeg; path = Saturn.jpg; sourceTree = "<group>"; };
		78C24E911A3514F7001A5E56 /* Uranus.jpg */ = {isa = PBXFileReference; lastKnownFileType = image.jpeg; path = Uranus.jpg; sourceTree = "<group>"; };
		78C24E921A3514F7001A5E56 /* Venus.jpg */ = {isa = PBXFileReference; lastKnownFileType = image.jpeg; path = Venus.jpg; sourceTree = "<group>"; };
		78C24ED81A36CB1F001A5E56 /* stars.png */ = {isa = PBXFileReference; lastKnownFileType = image.png; path = stars.png; sourceTree = "<group>"; };
		78C24EDA1A36D248001A5E56 /* secondaryViewController.h */ = {isa = PBXFileReference; fileEncoding = 4; lastKnownFileType = sourcecode.c.h; path = secondaryViewController.h; sourceTree = "<group>"; };
		78C24EDB1A36D248001A5E56 /* secondaryViewController.m */ = {isa = PBXFileReference; fileEncoding = 4; lastKnownFileType = sourcecode.c.objc; path = secondaryViewController.m; sourceTree = "<group>"; };
		78C24EDD1A36EBCD001A5E56 /* UIScrollViewViewController.h */ = {isa = PBXFileReference; fileEncoding = 4; lastKnownFileType = sourcecode.c.h; path = UIScrollViewViewController.h; sourceTree = "<group>"; };
		78C24EDE1A36EBCD001A5E56 /* UIScrollViewViewController.m */ = {isa = PBXFileReference; fileEncoding = 4; lastKnownFileType = sourcecode.c.objc; path = UIScrollViewViewController.m; sourceTree = "<group>"; };
/* End PBXFileReference section */

/* Begin PBXFrameworksBuildPhase section */
		78C24E1F1A340068001A5E56 /* Frameworks */ = {
			isa = PBXFrameworksBuildPhase;
			buildActionMask = 2147483647;
			files = (
			);
			runOnlyForDeploymentPostprocessing = 0;
		};
		78C24E381A340068001A5E56 /* Frameworks */ = {
			isa = PBXFrameworksBuildPhase;
			buildActionMask = 2147483647;
			files = (
			);
			runOnlyForDeploymentPostprocessing = 0;
		};
/* End PBXFrameworksBuildPhase section */

/* Begin PBXGroup section */
		78C24E191A340068001A5E56 = {
			isa = PBXGroup;
			children = (
				78C24E241A340068001A5E56 /* Outer Space Guide */,
				78C24E3E1A340068001A5E56 /* Outer Space GuideTests */,
				78C24E231A340068001A5E56 /* Products */,
			);
			sourceTree = "<group>";
		};
		78C24E231A340068001A5E56 /* Products */ = {
			isa = PBXGroup;
			children = (
				78C24E221A340068001A5E56 /* Outer Space Guide.app */,
				78C24E3B1A340068001A5E56 /* Outer Space GuideTests.xctest */,
			);
			name = Products;
			sourceTree = "<group>";
		};
		78C24E241A340068001A5E56 /* Outer Space Guide */ = {
			isa = PBXGroup;
			children = (
				78C24E291A340068001A5E56 /* AppDelegate.h */,
				78C24E2A1A340068001A5E56 /* AppDelegate.m */,
				78C24E2F1A340068001A5E56 /* Main.storyboard */,
				78C24E4B1A3400FF001A5E56 /* OuterSpaceTableViewController.h */,
				78C24E4C1A3400FF001A5E56 /* OuterSpaceTableViewController.m */,
				78C2329F1A3905C500C470FC /* AddPlanetViewController.h */,
				78C232A01A3905C500C470FC /* AddPlanetViewController.m */,
				78C24EDA1A36D248001A5E56 /* secondaryViewController.h */,
				78C24EDB1A36D248001A5E56 /* secondaryViewController.m */,
				78C232951A38DF3F00C470FC /* InfoTableViewController.h */,
				78C232961A38DF3F00C470FC /* InfoTableViewController.m */,
				78C24EDD1A36EBCD001A5E56 /* UIScrollViewViewController.h */,
				78C24EDE1A36EBCD001A5E56 /* UIScrollViewViewController.m */,
				78C24E861A3514AE001A5E56 /* REJSpaceObject.h */,
				78C24E871A3514AE001A5E56 /* REJSpaceObject.m */,
				78C232981A38F8DA00C470FC /* REJAddedSpaceObject.h */,
				78C232991A38F8DA00C470FC /* REJAddedSpaceObject.m */,
				78C24E321A340068001A5E56 /* Images.xcassets */,
				78C24E341A340068001A5E56 /* LaunchScreen.xib */,
				78C24E251A340068001A5E56 /* Supporting Files */,
			);
			path = "Outer Space Guide";
			sourceTree = "<group>";
		};
		78C24E251A340068001A5E56 /* Supporting Files */ = {
			isa = PBXGroup;
			children = (
				78C24ED81A36CB1F001A5E56 /* stars.png */,
				78C24E4F1A34FDDE001A5E56 /* AstronomicalData.h */,
				78C24E4E1A34FDDE001A5E56 /* AstronomicalData.m */,
				78C2329D1A39013A00C470FC /* images-2.jpeg */,
				78C2329B1A3900BA00C470FC /* 1469375.jpg */,
				78C24E891A3514F7001A5E56 /* Earth.jpg */,
				78C24E8A1A3514F7001A5E56 /* EinsteinRing.jpg */,
				78C24E8B1A3514F7001A5E56 /* Jupiter.jpg */,
				78C24E8C1A3514F7001A5E56 /* Mars.jpg */,
				78C24E8D1A3514F7001A5E56 /* Mercury.jpg */,
				78C24E8E1A3514F7001A5E56 /* Neptune.jpg */,
				78C24E8F1A3514F7001A5E56 /* Orion.jpg */,
				78C24E901A3514F7001A5E56 /* Saturn.jpg */,
				78C24E911A3514F7001A5E56 /* Uranus.jpg */,
				78C24E921A3514F7001A5E56 /* Venus.jpg */,
				78C24E261A340068001A5E56 /* Info.plist */,
				78C24E271A340068001A5E56 /* main.m */,
				78416BBC1B8873BC006BDEA9 /* screenshot1.png */,
				78416BBD1B8873BC006BDEA9 /* screenshot2.png */,
				78416BBE1B8873BC006BDEA9 /* screenshot3.png */,
				78416BBF1B8873BC006BDEA9 /* screenshot4.png */,
				78416BC01B8873BC006BDEA9 /* screenshot5.png */,
			);
			name = "Supporting Files";
			sourceTree = "<group>";
		};
		78C24E3E1A340068001A5E56 /* Outer Space GuideTests */ = {
			isa = PBXGroup;
			children = (
				78C24E411A340068001A5E56 /* Outer_Space_GuideTests.m */,
				78C24E3F1A340068001A5E56 /* Supporting Files */,
			);
			path = "Outer Space GuideTests";
			sourceTree = "<group>";
		};
		78C24E3F1A340068001A5E56 /* Supporting Files */ = {
			isa = PBXGroup;
			children = (
				78C24E401A340068001A5E56 /* Info.plist */,
			);
			name = "Supporting Files";
			sourceTree = "<group>";
		};
/* End PBXGroup section */

/* Begin PBXNativeTarget section */
		78C24E211A340068001A5E56 /* Outer Space Guide */ = {
			isa = PBXNativeTarget;
			buildConfigurationList = 78C24E451A340068001A5E56 /* Build configuration list for PBXNativeTarget "Outer Space Guide" */;
			buildPhases = (
				78C24E1E1A340068001A5E56 /* Sources */,
				78C24E1F1A340068001A5E56 /* Frameworks */,
				78C24E201A340068001A5E56 /* Resources */,
			);
			buildRules = (
			);
			dependencies = (
			);
			name = "Outer Space Guide";
			productName = "Outer Space Guide";
			productReference = 78C24E221A340068001A5E56 /* Outer Space Guide.app */;
			productType = "com.apple.product-type.application";
		};
		78C24E3A1A340068001A5E56 /* Outer Space GuideTests */ = {
			isa = PBXNativeTarget;
			buildConfigurationList = 78C24E481A340068001A5E56 /* Build configuration list for PBXNativeTarget "Outer Space GuideTests" */;
			buildPhases = (
				78C24E371A340068001A5E56 /* Sources */,
				78C24E381A340068001A5E56 /* Frameworks */,
				78C24E391A340068001A5E56 /* Resources */,
			);
			buildRules = (
			);
			dependencies = (
				78C24E3D1A340068001A5E56 /* PBXTargetDependency */,
			);
			name = "Outer Space GuideTests";
			productName = "Outer Space GuideTests";
			productReference = 78C24E3B1A340068001A5E56 /* Outer Space GuideTests.xctest */;
			productType = "com.apple.product-type.bundle.unit-test";
		};
/* End PBXNativeTarget section */

/* Begin PBXProject section */
		78C24E1A1A340068001A5E56 /* Project object */ = {
			isa = PBXProject;
			attributes = {
				LastUpgradeCheck = 0610;
				ORGANIZATIONNAME = RobinJayaswal;
				TargetAttributes = {
					78C24E211A340068001A5E56 = {
						CreatedOnToolsVersion = 6.1;
					};
					78C24E3A1A340068001A5E56 = {
						CreatedOnToolsVersion = 6.1;
						TestTargetID = 78C24E211A340068001A5E56;
					};
				};
			};
			buildConfigurationList = 78C24E1D1A340068001A5E56 /* Build configuration list for PBXProject "Outer Space Guide" */;
			compatibilityVersion = "Xcode 3.2";
			developmentRegion = English;
			hasScannedForEncodings = 0;
			knownRegions = (
				en,
				Base,
			);
			mainGroup = 78C24E191A340068001A5E56;
			productRefGroup = 78C24E231A340068001A5E56 /* Products */;
			projectDirPath = "";
			projectRoot = "";
			targets = (
				78C24E211A340068001A5E56 /* Outer Space Guide */,
				78C24E3A1A340068001A5E56 /* Outer Space GuideTests */,
			);
		};
/* End PBXProject section */

/* Begin PBXResourcesBuildPhase section */
		78C24E201A340068001A5E56 /* Resources */ = {
			isa = PBXResourcesBuildPhase;
			buildActionMask = 2147483647;
			files = (
				78C24E931A3514F7001A5E56 /* Earth.jpg in Resources */,
				78C24E9C1A3514F7001A5E56 /* Venus.jpg in Resources */,
				78416BC21B8873BC006BDEA9 /* screenshot2.png in Resources */,
				78416BC31B8873BC006BDEA9 /* screenshot3.png in Resources */,
				78C24E971A3514F7001A5E56 /* Mercury.jpg in Resources */,
				78C24E9A1A3514F7001A5E56 /* Saturn.jpg in Resources */,
				78416BC41B8873BC006BDEA9 /* screenshot4.png in Resources */,
				78C24E9B1A3514F7001A5E56 /* Uranus.jpg in Resources */,
				78C24E311A340068001A5E56 /* Main.storyboard in Resources */,
				78C2329E1A39013A00C470FC /* images-2.jpeg in Resources */,
				78C24E981A3514F7001A5E56 /* Neptune.jpg in Resources */,
				78C24E961A3514F7001A5E56 /* Mars.jpg in Resources */,
				78C24E361A340068001A5E56 /* LaunchScreen.xib in Resources */,
				78C24ED91A36CB1F001A5E56 /* stars.png in Resources */,
				78C24E331A340068001A5E56 /* Images.xcassets in Resources */,
				78C24E941A3514F7001A5E56 /* EinsteinRing.jpg in Resources */,
				78C2329C1A3900BA00C470FC /* 1469375.jpg in Resources */,
				78C24E951A3514F7001A5E56 /* Jupiter.jpg in Resources */,
				78C24E991A3514F7001A5E56 /* Orion.jpg in Resources */,
				78416BC51B8873BC006BDEA9 /* screenshot5.png in Resources */,
				78416BC11B8873BC006BDEA9 /* screenshot1.png in Resources */,
			);
			runOnlyForDeploymentPostprocessing = 0;
		};
		78C24E391A340068001A5E56 /* Resources */ = {
			isa = PBXResourcesBuildPhase;
			buildActionMask = 2147483647;
			files = (
			);
			runOnlyForDeploymentPostprocessing = 0;
		};
/* End PBXResourcesBuildPhase section */

/* Begin PBXSourcesBuildPhase section */
		78C24E1E1A340068001A5E56 /* Sources */ = {
			isa = PBXSourcesBuildPhase;
			buildActionMask = 2147483647;
			files = (
				78C24E881A3514AE001A5E56 /* REJSpaceObject.m in Sources */,
				78C24EDF1A36EBCD001A5E56 /* UIScrollViewViewController.m in Sources */,
				78C24E4D1A3400FF001A5E56 /* OuterSpaceTableViewController.m in Sources */,
				78C24E2B1A340068001A5E56 /* AppDelegate.m in Sources */,
				78C232A11A3905C500C470FC /* AddPlanetViewController.m in Sources */,
				78C24EDC1A36D248001A5E56 /* secondaryViewController.m in Sources */,
				78C24E281A340068001A5E56 /* main.m in Sources */,
				78C24E501A34FDDE001A5E56 /* AstronomicalData.m in Sources */,
				78C232971A38DF3F00C470FC /* InfoTableViewController.m in Sources */,
				78C2329A1A38F8DA00C470FC /* REJAddedSpaceObject.m in Sources */,
			);
			runOnlyForDeploymentPostprocessing = 0;
		};
		78C24E371A340068001A5E56 /* Sources */ = {
			isa = PBXSourcesBuildPhase;
			buildActionMask = 2147483647;
			files = (
				78C24E421A340068001A5E56 /* Outer_Space_GuideTests.m in Sources */,
			);
			runOnlyForDeploymentPostprocessing = 0;
		};
/* End PBXSourcesBuildPhase section */

/* Begin PBXTargetDependency section */
		78C24E3D1A340068001A5E56 /* PBXTargetDependency */ = {
			isa = PBXTargetDependency;
			target = 78C24E211A340068001A5E56 /* Outer Space Guide */;
			targetProxy = 78C24E3C1A340068001A5E56 /* PBXContainerItemProxy */;
		};
/* End PBXTargetDependency section */

/* Begin PBXVariantGroup section */
		78C24E2F1A340068001A5E56 /* Main.storyboard */ = {
			isa = PBXVariantGroup;
			children = (
				78C24E301A340068001A5E56 /* Base */,
			);
			name = Main.storyboard;
			sourceTree = "<group>";
		};
		78C24E341A340068001A5E56 /* LaunchScreen.xib */ = {
			isa = PBXVariantGroup;
			children = (
				78C24E351A340068001A5E56 /* Base */,
			);
			name = LaunchScreen.xib;
			sourceTree = "<group>";
		};
/* End PBXVariantGroup section */

/* Begin XCBuildConfiguration section */
		78C24E431A340068001A5E56 /* Debug */ = {
			isa = XCBuildConfiguration;
			buildSettings = {
				ALWAYS_SEARCH_USER_PATHS = NO;
				CLANG_CXX_LANGUAGE_STANDARD = "gnu++0x";
				CLANG_CXX_LIBRARY = "libc++";
				CLANG_ENABLE_MODULES = YES;
				CLANG_ENABLE_OBJC_ARC = YES;
				CLANG_WARN_BOOL_CONVERSION = YES;
				CLANG_WARN_CONSTANT_CONVERSION = YES;
				CLANG_WARN_DIRECT_OBJC_ISA_USAGE = YES_ERROR;
				CLANG_WARN_EMPTY_BODY = YES;
				CLANG_WARN_ENUM_CONVERSION = YES;
				CLANG_WARN_INT_CONVERSION = YES;
				CLANG_WARN_OBJC_ROOT_CLASS = YES_ERROR;
				CLANG_WARN_UNREACHABLE_CODE = YES;
				CLANG_WARN__DUPLICATE_METHOD_MATCH = YES;
				"CODE_SIGN_IDENTITY[sdk=iphoneos*]" = "iPhone Developer";
				COPY_PHASE_STRIP = NO;
				ENABLE_STRICT_OBJC_MSGSEND = YES;
				GCC_C_LANGUAGE_STANDARD = gnu99;
				GCC_DYNAMIC_NO_PIC = NO;
				GCC_OPTIMIZATION_LEVEL = 0;
				GCC_PREPROCESSOR_DEFINITIONS = (
					"DEBUG=1",
					"$(inherited)",
				);
				GCC_SYMBOLS_PRIVATE_EXTERN = NO;
				GCC_WARN_64_TO_32_BIT_CONVERSION = YES;
				GCC_WARN_ABOUT_RETURN_TYPE = YES_ERROR;
				GCC_WARN_UNDECLARED_SELECTOR = YES;
				GCC_WARN_UNINITIALIZED_AUTOS = YES_AGGRESSIVE;
				GCC_WARN_UNUSED_FUNCTION = YES;
				GCC_WARN_UNUSED_VARIABLE = YES;
				IPHONEOS_DEPLOYMENT_TARGET = 8.1;
				MTL_ENABLE_DEBUG_INFO = YES;
				ONLY_ACTIVE_ARCH = YES;
				SDKROOT = iphoneos;
			};
			name = Debug;
		};
		78C24E441A340068001A5E56 /* Release */ = {
			isa = XCBuildConfiguration;
			buildSettings = {
				ALWAYS_SEARCH_USER_PATHS = NO;
				CLANG_CXX_LANGUAGE_STANDARD = "gnu++0x";
				CLANG_CXX_LIBRARY = "libc++";
				CLANG_ENABLE_MODULES = YES;
				CLANG_ENABLE_OBJC_ARC = YES;
				CLANG_WARN_BOOL_CONVERSION = YES;
				CLANG_WARN_CONSTANT_CONVERSION = YES;
				CLANG_WARN_DIRECT_OBJC_ISA_USAGE = YES_ERROR;
				CLANG_WARN_EMPTY_BODY = YES;
				CLANG_WARN_ENUM_CONVERSION = YES;
				CLANG_WARN_INT_CONVERSION = YES;
				CLANG_WARN_OBJC_ROOT_CLASS = YES_ERROR;
				CLANG_WARN_UNREACHABLE_CODE = YES;
				CLANG_WARN__DUPLICATE_METHOD_MATCH = YES;
				"CODE_SIGN_IDENTITY[sdk=iphoneos*]" = "iPhone Developer";
				COPY_PHASE_STRIP = YES;
				ENABLE_NS_ASSERTIONS = NO;
				ENABLE_STRICT_OBJC_MSGSEND = YES;
				GCC_C_LANGUAGE_STANDARD = gnu99;
				GCC_WARN_64_TO_32_BIT_CONVERSION = YES;
				GCC_WARN_ABOUT_RETURN_TYPE = YES_ERROR;
				GCC_WARN_UNDECLARED_SELECTOR = YES;
				GCC_WARN_UNINITIALIZED_AUTOS = YES_AGGRESSIVE;
				GCC_WARN_UNUSED_FUNCTION = YES;
				GCC_WARN_UNUSED_VARIABLE = YES;
				IPHONEOS_DEPLOYMENT_TARGET = 8.1;
				MTL_ENABLE_DEBUG_INFO = NO;
				SDKROOT = iphoneos;
				VALIDATE_PRODUCT = YES;
			};
			name = Release;
		};
		78C24E461A340068001A5E56 /* Debug */ = {
			isa = XCBuildConfiguration;
			buildSettings = {
				ASSETCATALOG_COMPILER_APPICON_NAME = AppIcon;
				ENABLE_NS_ASSERTIONS = NO;
				INFOPLIST_FILE = "Outer Space Guide/Info.plist";
				LD_RUNPATH_SEARCH_PATHS = "$(inherited) @executable_path/Frameworks";
				PRODUCT_NAME = "$(TARGET_NAME)";
			};
			name = Debug;
		};
		78C24E471A340068001A5E56 /* Release */ = {
			isa = XCBuildConfiguration;
			buildSettings = {
				ASSETCATALOG_COMPILER_APPICON_NAME = AppIcon;
				ENABLE_NS_ASSERTIONS = NO;
				INFOPLIST_FILE = "Outer Space Guide/Info.plist";
				LD_RUNPATH_SEARCH_PATHS = "$(inherited) @executable_path/Frameworks";
				PRODUCT_NAME = "$(TARGET_NAME)";
			};
			name = Release;
		};
		78C24E491A340068001A5E56 /* Debug */ = {
			isa = XCBuildConfiguration;
			buildSettings = {
				BUNDLE_LOADER = "$(TEST_HOST)";
				FRAMEWORK_SEARCH_PATHS = (
					"$(SDKROOT)/Developer/Library/Frameworks",
					"$(inherited)",
				);
				GCC_PREPROCESSOR_DEFINITIONS = (
					"DEBUG=1",
					"$(inherited)",
				);
				INFOPLIST_FILE = "Outer Space GuideTests/Info.plist";
				LD_RUNPATH_SEARCH_PATHS = "$(inherited) @executable_path/Frameworks @loader_path/Frameworks";
				PRODUCT_NAME = "$(TARGET_NAME)";
				TEST_HOST = "$(BUILT_PRODUCTS_DIR)/Outer Space Guide.app/Outer Space Guide";
			};
			name = Debug;
		};
		78C24E4A1A340068001A5E56 /* Release */ = {
			isa = XCBuildConfiguration;
			buildSettings = {
				BUNDLE_LOADER = "$(TEST_HOST)";
				FRAMEWORK_SEARCH_PATHS = (
					"$(SDKROOT)/Developer/Library/Frameworks",
					"$(inherited)",
				);
				INFOPLIST_FILE = "Outer Space GuideTests/Info.plist";
				LD_RUNPATH_SEARCH_PATHS = "$(inherited) @executable_path/Frameworks @loader_path/Frameworks";
				PRODUCT_NAME = "$(TARGET_NAME)";
				TEST_HOST = "$(BUILT_PRODUCTS_DIR)/Outer Space Guide.app/Outer Space Guide";
			};
			name = Release;
		};
/* End XCBuildConfiguration section */

/* Begin XCConfigurationList section */
		78C24E1D1A340068001A5E56 /* Build configuration list for PBXProject "Outer Space Guide" */ = {
			isa = XCConfigurationList;
			buildConfigurations = (
				78C24E431A340068001A5E56 /* Debug */,
				78C24E441A340068001A5E56 /* Release */,
			);
			defaultConfigurationIsVisible = 0;
			defaultConfigurationName = Release;
		};
		78C24E451A340068001A5E56 /* Build configuration list for PBXNativeTarget "Outer Space Guide" */ = {
			isa = XCConfigurationList;
			buildConfigurations = (
				78C24E461A340068001A5E56 /* Debug */,
				78C24E471A340068001A5E56 /* Release */,
			);
			defaultConfigurationIsVisible = 0;
			defaultConfigurationName = Release;
		};
		78C24E481A340068001A5E56 /* Build configuration list for PBXNativeTarget "Outer Space GuideTests" */ = {
			isa = XCConfigurationList;
			buildConfigurations = (
				78C24E491A340068001A5E56 /* Debug */,
				78C24E4A1A340068001A5E56 /* Release */,
			);
			defaultConfigurationIsVisible = 0;
			defaultConfigurationName = Release;
		};
/* End XCConfigurationList section */
	};
	rootObject = 78C24E1A1A340068001A5E56 /* Project object */;
}
